
Microsoft Visual Studio Solution File, Format Version 12.00
# Visual Studio Version 17
VisualStudioVersion = 17.3.32922.545
MinimumVisualStudioVersion = 10.0.40219.1
Project("{FAE04EC0-301F-11D3-BF4B-00C04F79EFBC}") = "CSharpTextRPG V2", "CSharpTextRPG V2.csproj", "{7148C77C-C3D3-4602-8B8E-4340C4A14439}"
EndProject
Global
	GlobalSection(SolutionConfigurationPlatforms) = preSolution
		Debug|Any CPU = Debug|Any CPU
		Release|Any CPU = Release|Any CPU
	EndGlobalSection
	GlobalSection(ProjectConfigurationPlatforms) = postSolution
		{7148C77C-C3D3-4602-8B8E-4340C4A14439}.Debug|Any CPU.ActiveCfg = Debug|Any CPU
		{7148C77C-C3D3-4602-8B8E-4340C4A14439}.Debug|Any CPU.Build.0 = Debug|Any CPU
		{7148C77C-C3D3-4602-8B8E-4340C4A14439}.Release|Any CPU.ActiveCfg = Release|Any CPU
		{7148C77C-C3D3-4602-8B8E-4340C4A14439}.Release|Any CPU.Build.0 = Release|Any CPU
	EndGlobalSection
	GlobalSection(SolutionProperties) = preSolution
		HideSolutionNode = FALSE
	EndGlobalSection
	GlobalSection(ExtensibilityGlobals) = postSolution
		SolutionGuid = {E79515EE-59DC-4E36-B5CE-C8A2F1773464}
	EndGlobalSection
EndGlobal
